// !$*UTF8*$!
{
	archiveVersion = 1;
	classes = {
	};
	objectVersion = 46;
	objects = {

/* Begin PBXBuildFile section */
		08E9328C17FB44EB009AEE5F /* Foundation.framework in Frameworks */ = {isa = PBXBuildFile; fileRef = 08E9328B17FB44EB009AEE5F /* Foundation.framework */; };
		08E9328E17FB44EB009AEE5F /* CoreGraphics.framework in Frameworks */ = {isa = PBXBuildFile; fileRef = 08E9328D17FB44EB009AEE5F /* CoreGraphics.framework */; };
		08E9329017FB44EB009AEE5F /* UIKit.framework in Frameworks */ = {isa = PBXBuildFile; fileRef = 08E9328F17FB44EB009AEE5F /* UIKit.framework */; };
		08E9329617FB44EB009AEE5F /* InfoPlist.strings in Resources */ = {isa = PBXBuildFile; fileRef = 08E9329417FB44EB009AEE5F /* InfoPlist.strings */; };
		08E9329817FB44EB009AEE5F /* main.m in Sources */ = {isa = PBXBuildFile; fileRef = 08E9329717FB44EB009AEE5F /* main.m */; };
		08E9329C17FB44EB009AEE5F /* AppDelegate.m in Sources */ = {isa = PBXBuildFile; fileRef = 08E9329B17FB44EB009AEE5F /* AppDelegate.m */; };
		08E9329F17FB44EB009AEE5F /* Main.storyboard in Resources */ = {isa = PBXBuildFile; fileRef = 08E9329D17FB44EB009AEE5F /* Main.storyboard */; };
		08E932A217FB44EB009AEE5F /* ViewController.m in Sources */ = {isa = PBXBuildFile; fileRef = 08E932A117FB44EB009AEE5F /* ViewController.m */; };
		08E932A417FB44EB009AEE5F /* Images.xcassets in Resources */ = {isa = PBXBuildFile; fileRef = 08E932A317FB44EB009AEE5F /* Images.xcassets */; };
		08E932AB17FB44EB009AEE5F /* XCTest.framework in Frameworks */ = {isa = PBXBuildFile; fileRef = 08E932AA17FB44EB009AEE5F /* XCTest.framework */; };
		08E932AC17FB44EB009AEE5F /* Foundation.framework in Frameworks */ = {isa = PBXBuildFile; fileRef = 08E9328B17FB44EB009AEE5F /* Foundation.framework */; };
		08E932AD17FB44EB009AEE5F /* UIKit.framework in Frameworks */ = {isa = PBXBuildFile; fileRef = 08E9328F17FB44EB009AEE5F /* UIKit.framework */; };
		08E932B517FB44EB009AEE5F /* InfoPlist.strings in Resources */ = {isa = PBXBuildFile; fileRef = 08E932B317FB44EB009AEE5F /* InfoPlist.strings */; };
		08E932B717FB44EB009AEE5F /* AOC2Tests.m in Sources */ = {isa = PBXBuildFile; fileRef = 08E932B617FB44EB009AEE5F /* AOC2Tests.m */; };
/* End PBXBuildFile section */

/* Begin PBXContainerItemProxy section */
		08E932AE17FB44EB009AEE5F /* PBXContainerItemProxy */ = {
			isa = PBXContainerItemProxy;
			containerPortal = 08E9328017FB44EB009AEE5F /* Project object */;
			proxyType = 1;
			remoteGlobalIDString = 08E9328717FB44EB009AEE5F;
			remoteInfo = AOC2;
		};
/* End PBXContainerItemProxy section */

/* Begin PBXFileReference section */
		08E9328817FB44EB009AEE5F /* AOC2.app */ = {isa = PBXFileReference; explicitFileType = wrapper.application; includeInIndex = 0; path = AOC2.app; sourceTree = BUILT_PRODUCTS_DIR; };
		08E9328B17FB44EB009AEE5F /* Foundation.framework */ = {isa = PBXFileReference; lastKnownFileType = wrapper.framework; name = Foundation.framework; path = System/Library/Frameworks/Foundation.framework; sourceTree = SDKROOT; };
		08E9328D17FB44EB009AEE5F /* CoreGraphics.framework */ = {isa = PBXFileReference; lastKnownFileType = wrapper.framework; name = CoreGraphics.framework; path = System/Library/Frameworks/CoreGraphics.framework; sourceTree = SDKROOT; };
		08E9328F17FB44EB009AEE5F /* UIKit.framework */ = {isa = PBXFileReference; lastKnownFileType = wrapper.framework; name = UIKit.framework; path = System/Library/Frameworks/UIKit.framework; sourceTree = SDKROOT; };
		08E9329317FB44EB009AEE5F /* AOC2-Info.plist */ = {isa = PBXFileReference; lastKnownFileType = text.plist.xml; path = "AOC2-Info.plist"; sourceTree = "<group>"; };
		08E9329517FB44EB009AEE5F /* en */ = {isa = PBXFileReference; lastKnownFileType = text.plist.strings; name = en; path = en.lproj/InfoPlist.strings; sourceTree = "<group>"; };
		08E9329717FB44EB009AEE5F /* main.m */ = {isa = PBXFileReference; lastKnownFileType = sourcecode.c.objc; path = main.m; sourceTree = "<group>"; };
		08E9329917FB44EB009AEE5F /* AOC2-Prefix.pch */ = {isa = PBXFileReference; lastKnownFileType = sourcecode.c.h; path = "AOC2-Prefix.pch"; sourceTree = "<group>"; };
		08E9329A17FB44EB009AEE5F /* AppDelegate.h */ = {isa = PBXFileReference; lastKnownFileType = sourcecode.c.h; path = AppDelegate.h; sourceTree = "<group>"; };
		08E9329B17FB44EB009AEE5F /* AppDelegate.m */ = {isa = PBXFileReference; lastKnownFileType = sourcecode.c.objc; path = AppDelegate.m; sourceTree = "<group>"; };
		08E9329E17FB44EB009AEE5F /* Base */ = {isa = PBXFileReference; lastKnownFileType = file.storyboard; name = Base; path = Base.lproj/Main.storyboard; sourceTree = "<group>"; };
		08E932A017FB44EB009AEE5F /* ViewController.h */ = {isa = PBXFileReference; lastKnownFileType = sourcecode.c.h; path = ViewController.h; sourceTree = "<group>"; };
		08E932A117FB44EB009AEE5F /* ViewController.m */ = {isa = PBXFileReference; lastKnownFileType = sourcecode.c.objc; path = ViewController.m; sourceTree = "<group>"; };
		08E932A317FB44EB009AEE5F /* Images.xcassets */ = {isa = PBXFileReference; lastKnownFileType = folder.assetcatalog; path = Images.xcassets; sourceTree = "<group>"; };
		08E932A917FB44EB009AEE5F /* AOC2Tests.xctest */ = {isa = PBXFileReference; explicitFileType = wrapper.cfbundle; includeInIndex = 0; path = AOC2Tests.xctest; sourceTree = BUILT_PRODUCTS_DIR; };
		08E932AA17FB44EB009AEE5F /* XCTest.framework */ = {isa = PBXFileReference; lastKnownFileType = wrapper.framework; name = XCTest.framework; path = Library/Frameworks/XCTest.framework; sourceTree = DEVELOPER_DIR; };
		08E932B217FB44EB009AEE5F /* AOC2Tests-Info.plist */ = {isa = PBXFileReference; lastKnownFileType = text.plist.xml; path = "AOC2Tests-Info.plist"; sourceTree = "<group>"; };
		08E932B417FB44EB009AEE5F /* en */ = {isa = PBXFileReference; lastKnownFileType = text.plist.strings; name = en; path = en.lproj/InfoPlist.strings; sourceTree = "<group>"; };
		08E932B617FB44EB009AEE5F /* AOC2Tests.m */ = {isa = PBXFileReference; lastKnownFileType = sourcecode.c.objc; path = AOC2Tests.m; sourceTree = "<group>"; };
/* End PBXFileReference section */

/* Begin PBXFrameworksBuildPhase section */
		08E9328517FB44EB009AEE5F /* Frameworks */ = {
			isa = PBXFrameworksBuildPhase;
			buildActionMask = 2147483647;
			files = (
				08E9328E17FB44EB009AEE5F /* CoreGraphics.framework in Frameworks */,
				08E9329017FB44EB009AEE5F /* UIKit.framework in Frameworks */,
				08E9328C17FB44EB009AEE5F /* Foundation.framework in Frameworks */,
			);
			runOnlyForDeploymentPostprocessing = 0;
		};
		08E932A617FB44EB009AEE5F /* Frameworks */ = {
			isa = PBXFrameworksBuildPhase;
			buildActionMask = 2147483647;
			files = (
				08E932AB17FB44EB009AEE5F /* XCTest.framework in Frameworks */,
				08E932AD17FB44EB009AEE5F /* UIKit.framework in Frameworks */,
				08E932AC17FB44EB009AEE5F /* Foundation.framework in Frameworks */,
			);
			runOnlyForDeploymentPostprocessing = 0;
		};
/* End PBXFrameworksBuildPhase section */

/* Begin PBXGroup section */
		08E9327F17FB44EB009AEE5F = {
			isa = PBXGroup;
			children = (
				08E9329117FB44EB009AEE5F /* AOC2 */,
				08E932B017FB44EB009AEE5F /* AOC2Tests */,
				08E9328A17FB44EB009AEE5F /* Frameworks */,
				08E9328917FB44EB009AEE5F /* Products */,
			);
			sourceTree = "<group>";
		};
		08E9328917FB44EB009AEE5F /* Products */ = {
			isa = PBXGroup;
			children = (
				08E9328817FB44EB009AEE5F /* AOC2.app */,
				08E932A917FB44EB009AEE5F /* AOC2Tests.xctest */,
			);
			name = Products;
			sourceTree = "<group>";
		};
		08E9328A17FB44EB009AEE5F /* Frameworks */ = {
			isa = PBXGroup;
			children = (
				08E9328B17FB44EB009AEE5F /* Foundation.framework */,
				08E9328D17FB44EB009AEE5F /* CoreGraphics.framework */,
				08E9328F17FB44EB009AEE5F /* UIKit.framework */,
				08E932AA17FB44EB009AEE5F /* XCTest.framework */,
			);
			name = Frameworks;
			sourceTree = "<group>";
		};
		08E9329117FB44EB009AEE5F /* AOC2 */ = {
			isa = PBXGroup;
			children = (
				08E9329A17FB44EB009AEE5F /* AppDelegate.h */,
				08E9329B17FB44EB009AEE5F /* AppDelegate.m */,
				08E9329D17FB44EB009AEE5F /* Main.storyboard */,
				08E932A017FB44EB009AEE5F /* ViewController.h */,
				08E932A117FB44EB009AEE5F /* ViewController.m */,
				08E932A317FB44EB009AEE5F /* Images.xcassets */,
				08E9329217FB44EB009AEE5F /* Supporting Files */,
			);
			path = AOC2;
			sourceTree = "<group>";
		};
		08E9329217FB44EB009AEE5F /* Supporting Files */ = {
			isa = PBXGroup;
			children = (
				08E9329317FB44EB009AEE5F /* AOC2-Info.plist */,
				08E9329417FB44EB009AEE5F /* InfoPlist.strings */,
				08E9329717FB44EB009AEE5F /* main.m */,
				08E9329917FB44EB009AEE5F /* AOC2-Prefix.pch */,
			);
			name = "Supporting Files";
			sourceTree = "<group>";
		};
		08E932B017FB44EB009AEE5F /* AOC2Tests */ = {
			isa = PBXGroup;
			children = (
				08E932B617FB44EB009AEE5F /* AOC2Tests.m */,
				08E932B117FB44EB009AEE5F /* Supporting Files */,
			);
			path = AOC2Tests;
			sourceTree = "<group>";
		};
		08E932B117FB44EB009AEE5F /* Supporting Files */ = {
			isa = PBXGroup;
			children = (
				08E932B217FB44EB009AEE5F /* AOC2Tests-Info.plist */,
				08E932B317FB44EB009AEE5F /* InfoPlist.strings */,
			);
			name = "Supporting Files";
			sourceTree = "<group>";
		};
/* End PBXGroup section */

/* Begin PBXNativeTarget section */
		08E9328717FB44EB009AEE5F /* AOC2 */ = {
			isa = PBXNativeTarget;
			buildConfigurationList = 08E932BA17FB44EB009AEE5F /* Build configuration list for PBXNativeTarget "AOC2" */;
			buildPhases = (
				08E9328417FB44EB009AEE5F /* Sources */,
				08E9328517FB44EB009AEE5F /* Frameworks */,
				08E9328617FB44EB009AEE5F /* Resources */,
			);
			buildRules = (
			);
			dependencies = (
			);
			name = AOC2;
			productName = AOC2;
			productReference = 08E9328817FB44EB009AEE5F /* AOC2.app */;
			productType = "com.apple.product-type.application";
		};
		08E932A817FB44EB009AEE5F /* AOC2Tests */ = {
			isa = PBXNativeTarget;
			buildConfigurationList = 08E932BD17FB44EB009AEE5F /* Build configuration list for PBXNativeTarget "AOC2Tests" */;
			buildPhases = (
				08E932A517FB44EB009AEE5F /* Sources */,
				08E932A617FB44EB009AEE5F /* Frameworks */,
				08E932A717FB44EB009AEE5F /* Resources */,
			);
			buildRules = (
			);
			dependencies = (
				08E932AF17FB44EB009AEE5F /* PBXTargetDependency */,
			);
			name = AOC2Tests;
			productName = AOC2Tests;
			productReference = 08E932A917FB44EB009AEE5F /* AOC2Tests.xctest */;
			productType = "com.apple.product-type.bundle.unit-test";
		};
/* End PBXNativeTarget section */

/* Begin PBXProject section */
		08E9328017FB44EB009AEE5F /* Project object */ = {
			isa = PBXProject;
			attributes = {
				LastUpgradeCheck = 0500;
				ORGANIZATIONNAME = com.Fullsail;
				TargetAttributes = {
					08E932A817FB44EB009AEE5F = {
						TestTargetID = 08E9328717FB44EB009AEE5F;
					};
				};
			};
			buildConfigurationList = 08E9328317FB44EB009AEE5F /* Build configuration list for PBXProject "AOC2" */;
			compatibilityVersion = "Xcode 3.2";
			developmentRegion = English;
			hasScannedForEncodings = 0;
			knownRegions = (
				en,
				Base,
			);
			mainGroup = 08E9327F17FB44EB009AEE5F;
			productRefGroup = 08E9328917FB44EB009AEE5F /* Products */;
			projectDirPath = "";
			projectRoot = "";
			targets = (
				08E9328717FB44EB009AEE5F /* AOC2 */,
				08E932A817FB44EB009AEE5F /* AOC2Tests */,
			);
		};
/* End PBXProject section */

/* Begin PBXResourcesBuildPhase section */
		08E9328617FB44EB009AEE5F /* Resources */ = {
			isa = PBXResourcesBuildPhase;
			buildActionMask = 2147483647;
			files = (
				08E932A417FB44EB009AEE5F /* Images.xcassets in Resources */,
				08E9329617FB44EB009AEE5F /* InfoPlist.strings in Resources */,
				08E9329F17FB44EB009AEE5F /* Main.storyboard in Resources */,
			);
			runOnlyForDeploymentPostprocessing = 0;
		};
		08E932A717FB44EB009AEE5F /* Resources */ = {
			isa = PBXResourcesBuildPhase;
			buildActionMask = 2147483647;
			files = (
				08E932B517FB44EB009AEE5F /* InfoPlist.strings in Resources */,
			);
			runOnlyForDeploymentPostprocessing = 0;
		};
/* End PBXResourcesBuildPhase section */

/* Begin PBXSourcesBuildPhase section */
		08E9328417FB44EB009AEE5F /* Sources */ = {
			isa = PBXSourcesBuildPhase;
			buildActionMask = 2147483647;
			files = (
				08E932A217FB44EB009AEE5F /* ViewController.m in Sources */,
				08E9329C17FB44EB009AEE5F /* AppDelegate.m in Sources */,
				08E9329817FB44EB009AEE5F /* main.m in Sources */,
			);
			runOnlyForDeploymentPostprocessing = 0;
		};
		08E932A517FB44EB009AEE5F /* Sources */ = {
			isa = PBXSourcesBuildPhase;
			buildActionMask = 2147483647;
			files = (
				08E932B717FB44EB009AEE5F /* AOC2Tests.m in Sources */,
			);
			runOnlyForDeploymentPostprocessing = 0;
		};
/* End PBXSourcesBuildPhase section */

/* Begin PBXTargetDependency section */
		08E932AF17FB44EB009AEE5F /* PBXTargetDependency */ = {
			isa = PBXTargetDependency;
			target = 08E9328717FB44EB009AEE5F /* AOC2 */;
			targetProxy = 08E932AE17FB44EB009AEE5F /* PBXContainerItemProxy */;
		};
/* End PBXTargetDependency section */

/* Begin PBXVariantGroup section */
		08E9329417FB44EB009AEE5F /* InfoPlist.strings */ = {
			isa = PBXVariantGroup;
			children = (
				08E9329517FB44EB009AEE5F /* en */,
			);
			name = InfoPlist.strings;
			sourceTree = "<group>";
		};
		08E9329D17FB44EB009AEE5F /* Main.storyboard */ = {
			isa = PBXVariantGroup;
			children = (
				08E9329E17FB44EB009AEE5F /* Base */,
			);
			name = Main.storyboard;
			sourceTree = "<group>";
		};
		08E932B317FB44EB009AEE5F /* InfoPlist.strings */ = {
			isa = PBXVariantGroup;
			children = (
				08E932B417FB44EB009AEE5F /* en */,
			);
			name = InfoPlist.strings;
			sourceTree = "<group>";
		};
/* End PBXVariantGroup section */

/* Begin XCBuildConfiguration section */
		08E932B817FB44EB009AEE5F /* Debug */ = {
			isa = XCBuildConfiguration;
			buildSettings = {
				ALWAYS_SEARCH_USER_PATHS = NO;
				ARCHS = "$(ARCHS_STANDARD_INCLUDING_64_BIT)";
				CLANG_CXX_LANGUAGE_STANDARD = "gnu++0x";
				CLANG_CXX_LIBRARY = "libc++";
				CLANG_ENABLE_MODULES = YES;
				CLANG_ENABLE_OBJC_ARC = YES;
				CLANG_WARN_BOOL_CONVERSION = YES;
				CLANG_WARN_CONSTANT_CONVERSION = YES;
				CLANG_WARN_DIRECT_OBJC_ISA_USAGE = YES_ERROR;
				CLANG_WARN_EMPTY_BODY = YES;
				CLANG_WARN_ENUM_CONVERSION = YES;
				CLANG_WARN_INT_CONVERSION = YES;
				CLANG_WARN_OBJC_ROOT_CLASS = YES_ERROR;
				CLANG_WARN__DUPLICATE_METHOD_MATCH = YES;
				"CODE_SIGN_IDENTITY[sdk=iphoneos*]" = "iPhone Developer";
				COPY_PHASE_STRIP = NO;
				GCC_C_LANGUAGE_STANDARD = gnu99;
				GCC_DYNAMIC_NO_PIC = NO;
				GCC_OPTIMIZATION_LEVEL = 0;
				GCC_PREPROCESSOR_DEFINITIONS = (
					"DEBUG=1",
					"$(inherited)",
				);
				GCC_SYMBOLS_PRIVATE_EXTERN = NO;
				GCC_WARN_64_TO_32_BIT_CONVERSION = YES;
				GCC_WARN_ABOUT_RETURN_TYPE = YES_ERROR;
				GCC_WARN_UNDECLARED_SELECTOR = YES;
				GCC_WARN_UNINITIALIZED_AUTOS = YES;
				GCC_WARN_UNUSED_FUNCTION = YES;
				GCC_WARN_UNUSED_VARIABLE = YES;
				IPHONEOS_DEPLOYMENT_TARGET = 7.0;
				ONLY_ACTIVE_ARCH = YES;
				SDKROOT = iphoneos;
				TARGETED_DEVICE_FAMILY = 2;
			};
			name = Debug;
		};
		08E932B917FB44EB009AEE5F /* Release */ = {
			isa = XCBuildConfiguration;
			buildSettings = {
				ALWAYS_SEARCH_USER_PATHS = NO;
				ARCHS = "$(ARCHS_STANDARD_INCLUDING_64_BIT)";
				CLANG_CXX_LANGUAGE_STANDARD = "gnu++0x";
				CLANG_CXX_LIBRARY = "libc++";
				CLANG_ENABLE_MODULES = YES;
				CLANG_ENABLE_OBJC_ARC = YES;
				CLANG_WARN_BOOL_CONVERSION = YES;
				CLANG_WARN_CONSTANT_CONVERSION = YES;
				CLANG_WARN_DIRECT_OBJC_ISA_USAGE = YES_ERROR;
				CLANG_WARN_EMPTY_BODY = YES;
				CLANG_WARN_ENUM_CONVERSION = YES;
				CLANG_WARN_INT_CONVERSION = YES;
				CLANG_WARN_OBJC_ROOT_CLASS = YES_ERROR;
				CLANG_WARN__DUPLICATE_METHOD_MATCH = YES;
				"CODE_SIGN_IDENTITY[sdk=iphoneos*]" = "iPhone Developer";
				COPY_PHASE_STRIP = YES;
				ENABLE_NS_ASSERTIONS = NO;
				GCC_C_LANGUAGE_STANDARD = gnu99;
				GCC_WARN_64_TO_32_BIT_CONVERSION = YES;
				GCC_WARN_ABOUT_RETURN_TYPE = YES_ERROR;
				GCC_WARN_UNDECLARED_SELECTOR = YES;
				GCC_WARN_UNINITIALIZED_AUTOS = YES;
				GCC_WARN_UNUSED_FUNCTION = YES;
				GCC_WARN_UNUSED_VARIABLE = YES;
				IPHONEOS_DEPLOYMENT_TARGET = 7.0;
				SDKROOT = iphoneos;
				TARGETED_DEVICE_FAMILY = 2;
				VALIDATE_PRODUCT = YES;
			};
			name = Release;
		};
		08E932BB17FB44EB009AEE5F /* Debug */ = {
			isa = XCBuildConfiguration;
			buildSettings = {
				ASSETCATALOG_COMPILER_APPICON_NAME = AppIcon;
				ASSETCATALOG_COMPILER_LAUNCHIMAGE_NAME = LaunchImage;
				GCC_PRECOMPILE_PREFIX_HEADER = YES;
				GCC_PREFIX_HEADER = "AOC2/AOC2-Prefix.pch";
				INFOPLIST_FILE = "AOC2/AOC2-Info.plist";
				PRODUCT_NAME = "$(TARGET_NAME)";
				WRAPPER_EXTENSION = app;
			};
			name = Debug;
		};
		08E932BC17FB44EB009AEE5F /* Release */ = {
			isa = XCBuildConfiguration;
			buildSettings = {
				ASSETCATALOG_COMPILER_APPICON_NAME = AppIcon;
				ASSETCATALOG_COMPILER_LAUNCHIMAGE_NAME = LaunchImage;
				GCC_PRECOMPILE_PREFIX_HEADER = YES;
				GCC_PREFIX_HEADER = "AOC2/AOC2-Prefix.pch";
				INFOPLIST_FILE = "AOC2/AOC2-Info.plist";
				PRODUCT_NAME = "$(TARGET_NAME)";
				WRAPPER_EXTENSION = app;
			};
			name = Release;
		};
		08E932BE17FB44EB009AEE5F /* Debug */ = {
			isa = XCBuildConfiguration;
			buildSettings = {
				ARCHS = "$(ARCHS_STANDARD_INCLUDING_64_BIT)";
				BUNDLE_LOADER = "$(BUILT_PRODUCTS_DIR)/AOC2.app/AOC2";
				FRAMEWORK_SEARCH_PATHS = (
					"$(SDKROOT)/Developer/Library/Frameworks",
					"$(inherited)",
					"$(DEVELOPER_FRAMEWORKS_DIR)",
				);
				GCC_PRECOMPILE_PREFIX_HEADER = YES;
				GCC_PREFIX_HEADER = "AOC2/AOC2-Prefix.pch";
				GCC_PREPROCESSOR_DEFINITIONS = (
					"DEBUG=1",
					"$(inherited)",
				);
				INFOPLIST_FILE = "AOC2Tests/AOC2Tests-Info.plist";
				PRODUCT_NAME = "$(TARGET_NAME)";
				TEST_HOST = "$(BUNDLE_LOADER)";
				WRAPPER_EXTENSION = xctest;
			};
			name = Debug;
		};
		08E932BF17FB44EB009AEE5F /* Release */ = {
			isa = XCBuildConfiguration;
			buildSettings = {
				ARCHS = "$(ARCHS_STANDARD_INCLUDING_64_BIT)";
				BUNDLE_LOADER = "$(BUILT_PRODUCTS_DIR)/AOC2.app/AOC2";
				FRAMEWORK_SEARCH_PATHS = (
					"$(SDKROOT)/Developer/Library/Frameworks",
					"$(inherited)",
					"$(DEVELOPER_FRAMEWORKS_DIR)",
				);
				GCC_PRECOMPILE_PREFIX_HEADER = YES;
				GCC_PREFIX_HEADER = "AOC2/AOC2-Prefix.pch";
				INFOPLIST_FILE = "AOC2Tests/AOC2Tests-Info.plist";
				PRODUCT_NAME = "$(TARGET_NAME)";
				TEST_HOST = "$(BUNDLE_LOADER)";
				WRAPPER_EXTENSION = xctest;
			};
			name = Release;
		};
/* End XCBuildConfiguration section */

/* Begin XCConfigurationList section */
		08E9328317FB44EB009AEE5F /* Build configuration list for PBXProject "AOC2" */ = {
			isa = XCConfigurationList;
			buildConfigurations = (
				08E932B817FB44EB009AEE5F /* Debug */,
				08E932B917FB44EB009AEE5F /* Release */,
			);
			defaultConfigurationIsVisible = 0;
			defaultConfigurationName = Release;
		};
		08E932BA17FB44EB009AEE5F /* Build configuration list for PBXNativeTarget "AOC2" */ = {
			isa = XCConfigurationList;
			buildConfigurations = (
				08E932BB17FB44EB009AEE5F /* Debug */,
				08E932BC17FB44EB009AEE5F /* Release */,
			);
			defaultConfigurationIsVisible = 0;
		};
		08E932BD17FB44EB009AEE5F /* Build configuration list for PBXNativeTarget "AOC2Tests" */ = {
			isa = XCConfigurationList;
			buildConfigurations = (
				08E932BE17FB44EB009AEE5F /* Debug */,
				08E932BF17FB44EB009AEE5F /* Release */,
			);
			defaultConfigurationIsVisible = 0;
		};
/* End XCConfigurationList section */
	};
	rootObject = 08E9328017FB44EB009AEE5F /* Project object */;
}
